
Microsoft Visual Studio Solution File, Format Version 12.00
# Visual Studio 15
VisualStudioVersion = 15.0.27428.2002
MinimumVisualStudioVersion = 10.0.40219.1
Project("{9A19103F-16F7-4668-BE54-9A1E7A4F7556}") = "MenusSample", "MenusSample.csproj", "{92CD8E52-6810-4029-8B70-EA72357BF4BF}"
EndProject
Global
	GlobalSection(SolutionConfigurationPlatforms) = preSolution
		Debug|Any CPU = Debug|Any CPU
		Release|Any CPU = Release|Any CPU
	EndGlobalSection
	GlobalSection(ProjectConfigurationPlatforms) = postSolution
		{92CD8E52-6810-4029-8B70-EA72357BF4BF}.Debug|Any CPU.ActiveCfg = Debug|Any CPU
		{92CD8E52-6810-4029-8B70-EA72357BF4BF}.Debug|Any CPU.Build.0 = Debug|Any CPU
		{92CD8E52-6810-4029-8B70-EA72357BF4BF}.Release|Any CPU.ActiveCfg = Release|Any CPU
		{92CD8E52-6810-4029-8B70-EA72357BF4BF}.Release|Any CPU.Build.0 = Release|Any CPU
	EndGlobalSection
	GlobalSection(SolutionProperties) = preSolution
		HideSolutionNode = FALSE
	EndGlobalSection
	GlobalSection(ExtensibilityGlobals) = postSolution
		SolutionGuid = {5D62806B-F9F8-401F-ACF3-1760895CB23C}
	EndGlobalSection
EndGlobal
