
Microsoft Visual Studio Solution File, Format Version 12.00
# Visual Studio 15
VisualStudioVersion = 15.0.27428.2002
MinimumVisualStudioVersion = 10.0.40219.1
Project("{9A19103F-16F7-4668-BE54-9A1E7A4F7556}") = "BooksSample", "BooksSample.csproj", "{B76D964F-1BD3-4BCA-8297-05951412324D}"
EndProject
Global
	GlobalSection(SolutionConfigurationPlatforms) = preSolution
		Debug|Any CPU = Debug|Any CPU
		Release|Any CPU = Release|Any CPU
	EndGlobalSection
	GlobalSection(ProjectConfigurationPlatforms) = postSolution
		{B76D964F-1BD3-4BCA-8297-05951412324D}.Debug|Any CPU.ActiveCfg = Debug|Any CPU
		{B76D964F-1BD3-4BCA-8297-05951412324D}.Debug|Any CPU.Build.0 = Debug|Any CPU
		{B76D964F-1BD3-4BCA-8297-05951412324D}.Release|Any CPU.ActiveCfg = Release|Any CPU
		{B76D964F-1BD3-4BCA-8297-05951412324D}.Release|Any CPU.Build.0 = Release|Any CPU
	EndGlobalSection
	GlobalSection(SolutionProperties) = preSolution
		HideSolutionNode = FALSE
	EndGlobalSection
	GlobalSection(ExtensibilityGlobals) = postSolution
		SolutionGuid = {23CD1453-AE35-46DB-8C59-35264E08952C}
	EndGlobalSection
EndGlobal
